
Microsoft Visual Studio Solution File, Format Version 12.00
# Visual Studio Version 16
VisualStudioVersion = 16.0.30406.217
MinimumVisualStudioVersion = 10.0.40219.1
Project("{FAE04EC0-301F-11D3-BF4B-00C04F79EFBC}") = "WpfApp1CoreTest", "WpfApp1CoreTest\WpfApp1CoreTest.csproj", "{52FBDEAC-7F43-4237-8290-6CA349F83C12}"
EndProject
Global
	GlobalSection(SolutionConfigurationPlatforms) = preSolution
		Debug|Any CPU = Debug|Any CPU
		Release|Any CPU = Release|Any CPU
	EndGlobalSection
	GlobalSection(ProjectConfigurationPlatforms) = postSolution
		{52FBDEAC-7F43-4237-8290-6CA349F83C12}.Debug|Any CPU.ActiveCfg = Debug|Any CPU
		{52FBDEAC-7F43-4237-8290-6CA349F83C12}.Debug|Any CPU.Build.0 = Debug|Any CPU
		{52FBDEAC-7F43-4237-8290-6CA349F83C12}.Release|Any CPU.ActiveCfg = Release|Any CPU
		{52FBDEAC-7F43-4237-8290-6CA349F83C12}.Release|Any CPU.Build.0 = Release|Any CPU
	EndGlobalSection
	GlobalSection(SolutionProperties) = preSolution
		HideSolutionNode = FALSE
	EndGlobalSection
	GlobalSection(ExtensibilityGlobals) = postSolution
		SolutionGuid = {1D55115B-64BA-4FBF-9991-186EFEE0EC7E}
	EndGlobalSection
EndGlobal
